{
  "name": "proxied-fetch",
  "version": "1.0.0",
  "lockfileVersion": 1,
  "requires": true,
  "dependencies": {
    "@types/estree": {
      "version": "0.0.39",
      "resolved": "https://registry.npmjs.org/@types/estree/-/estree-0.0.39.tgz",
      "integrity": "sha512-EYNwp3bU+98cpU4lAWYYL7Zz+2gryWH1qbdDTidVd6hkiR6weksdbMadyXKXNPEkQFhXM+hVO9ZygomHXp+AIw==",
      "dev": true
    },
    "@types/node": {
      "version": "10.1.3",
      "resolved": "https://registry.npmjs.org/@types/node/-/node-10.1.3.tgz",
      "integrity": "sha512-GiCx7dRvta0hbxXoJFAUxz+CKX6bZSCKjM5slq2vPp/5zwK01T4ibYZkGr6EN4F2QmxDQR76/ZHg6q+7iFWCWw==",
      "dev": true
    },
    "rollup": {
      "version": "0.59.3",
      "resolved": "https://registry.npmjs.org/rollup/-/rollup-0.59.3.tgz",
      "integrity": "sha512-A94GFMZlwwtS3t5p6jSTp9w4Asxu5C16NcEoQPUFPfl76FOHFA4bXjOdnirzBysdZqSS/2Dibhz1bdWZ/0UqQQ==",
      "dev": true,
      "requires": {
        "@types/estree": "0.0.39",
        "@types/node": "10.1.3"
      }
    }
  }
}
